
Microsoft Visual Studio Solution File, Format Version 12.00
# Visual Studio 14
VisualStudioVersion = 14.0.25123.0
MinimumVisualStudioVersion = 10.0.40219.1
Project("{FAE04EC0-301F-11D3-BF4B-00C04F79EFBC}") = "3. Short Words Sorted", "ConsoleApplication1\3. Short Words Sorted.csproj", "{0A8E18D9-2EF7-4C9A-8363-FE410E101A8F}"
EndProject
Project("{FAE04EC0-301F-11D3-BF4B-00C04F79EFBC}") = "1. Sum, Min, Max, Average", "1. Sum, Min, Max, Average\1. Sum, Min, Max, Average.csproj", "{4A88291E-8D72-4A36-96CD-A71D2EC60030}"
EndProject
Project("{FAE04EC0-301F-11D3-BF4B-00C04F79EFBC}") = "2. Largest 3 Numbers", "2. Largest 3 Numbers\2. Largest 3 Numbers.csproj", "{75E3561C-89EC-421C-88FC-CE12F504FF6B}"
EndProject
Project("{FAE04EC0-301F-11D3-BF4B-00C04F79EFBC}") = "4. Fold and Sum", "4. Fold and Sum\4. Fold and Sum.csproj", "{79C12A41-98FE-44ED-842F-56AD89445ED4}"
EndProject
Global
	GlobalSection(SolutionConfigurationPlatforms) = preSolution
		Debug|Any CPU = Debug|Any CPU
		Release|Any CPU = Release|Any CPU
	EndGlobalSection
	GlobalSection(ProjectConfigurationPlatforms) = postSolution
		{0A8E18D9-2EF7-4C9A-8363-FE410E101A8F}.Debug|Any CPU.ActiveCfg = Debug|Any CPU
		{0A8E18D9-2EF7-4C9A-8363-FE410E101A8F}.Debug|Any CPU.Build.0 = Debug|Any CPU
		{0A8E18D9-2EF7-4C9A-8363-FE410E101A8F}.Release|Any CPU.ActiveCfg = Release|Any CPU
		{0A8E18D9-2EF7-4C9A-8363-FE410E101A8F}.Release|Any CPU.Build.0 = Release|Any CPU
		{4A88291E-8D72-4A36-96CD-A71D2EC60030}.Debug|Any CPU.ActiveCfg = Debug|Any CPU
		{4A88291E-8D72-4A36-96CD-A71D2EC60030}.Debug|Any CPU.Build.0 = Debug|Any CPU
		{4A88291E-8D72-4A36-96CD-A71D2EC60030}.Release|Any CPU.ActiveCfg = Release|Any CPU
		{4A88291E-8D72-4A36-96CD-A71D2EC60030}.Release|Any CPU.Build.0 = Release|Any CPU
		{75E3561C-89EC-421C-88FC-CE12F504FF6B}.Debug|Any CPU.ActiveCfg = Debug|Any CPU
		{75E3561C-89EC-421C-88FC-CE12F504FF6B}.Debug|Any CPU.Build.0 = Debug|Any CPU
		{75E3561C-89EC-421C-88FC-CE12F504FF6B}.Release|Any CPU.ActiveCfg = Release|Any CPU
		{75E3561C-89EC-421C-88FC-CE12F504FF6B}.Release|Any CPU.Build.0 = Release|Any CPU
		{79C12A41-98FE-44ED-842F-56AD89445ED4}.Debug|Any CPU.ActiveCfg = Debug|Any CPU
		{79C12A41-98FE-44ED-842F-56AD89445ED4}.Debug|Any CPU.Build.0 = Debug|Any CPU
		{79C12A41-98FE-44ED-842F-56AD89445ED4}.Release|Any CPU.ActiveCfg = Release|Any CPU
		{79C12A41-98FE-44ED-842F-56AD89445ED4}.Release|Any CPU.Build.0 = Release|Any CPU
	EndGlobalSection
	GlobalSection(SolutionProperties) = preSolution
		HideSolutionNode = FALSE
	EndGlobalSection
EndGlobal
