
Microsoft Visual Studio Solution File, Format Version 12.00
# Visual Studio 14
VisualStudioVersion = 14.0.25123.0
MinimumVisualStudioVersion = 10.0.40219.1
Project("{FAE04EC0-301F-11D3-BF4B-00C04F79EFBC}") = "3. Pyramidic", "3. Pyramidic\3. Pyramidic.csproj", "{D87B84EB-C73B-4A67-B8BF-6E9299886D2C}"
EndProject
Project("{FAE04EC0-301F-11D3-BF4B-00C04F79EFBC}") = "1. Serialize String", "1. Serialize String\1. Serialize String.csproj", "{EDC23DBB-8E62-47BA-95CD-3EE940EB7132}"
EndProject
Project("{FAE04EC0-301F-11D3-BF4B-00C04F79EFBC}") = "2. Stateless", "2. Stateless\2. Stateless.csproj", "{1C1E6BDF-3CA1-4372-8A76-F87CABCAA5F7}"
EndProject
Global
	GlobalSection(SolutionConfigurationPlatforms) = preSolution
		Debug|Any CPU = Debug|Any CPU
		Release|Any CPU = Release|Any CPU
	EndGlobalSection
	GlobalSection(ProjectConfigurationPlatforms) = postSolution
		{D87B84EB-C73B-4A67-B8BF-6E9299886D2C}.Debug|Any CPU.ActiveCfg = Debug|Any CPU
		{D87B84EB-C73B-4A67-B8BF-6E9299886D2C}.Debug|Any CPU.Build.0 = Debug|Any CPU
		{D87B84EB-C73B-4A67-B8BF-6E9299886D2C}.Release|Any CPU.ActiveCfg = Release|Any CPU
		{D87B84EB-C73B-4A67-B8BF-6E9299886D2C}.Release|Any CPU.Build.0 = Release|Any CPU
		{EDC23DBB-8E62-47BA-95CD-3EE940EB7132}.Debug|Any CPU.ActiveCfg = Debug|Any CPU
		{EDC23DBB-8E62-47BA-95CD-3EE940EB7132}.Debug|Any CPU.Build.0 = Debug|Any CPU
		{EDC23DBB-8E62-47BA-95CD-3EE940EB7132}.Release|Any CPU.ActiveCfg = Release|Any CPU
		{EDC23DBB-8E62-47BA-95CD-3EE940EB7132}.Release|Any CPU.Build.0 = Release|Any CPU
		{1C1E6BDF-3CA1-4372-8A76-F87CABCAA5F7}.Debug|Any CPU.ActiveCfg = Debug|Any CPU
		{1C1E6BDF-3CA1-4372-8A76-F87CABCAA5F7}.Debug|Any CPU.Build.0 = Debug|Any CPU
		{1C1E6BDF-3CA1-4372-8A76-F87CABCAA5F7}.Release|Any CPU.ActiveCfg = Release|Any CPU
		{1C1E6BDF-3CA1-4372-8A76-F87CABCAA5F7}.Release|Any CPU.Build.0 = Release|Any CPU
	EndGlobalSection
	GlobalSection(SolutionProperties) = preSolution
		HideSolutionNode = FALSE
	EndGlobalSection
EndGlobal
