
Microsoft Visual Studio Solution File, Format Version 12.00
# Visual Studio 14
VisualStudioVersion = 14.0.25123.0
MinimumVisualStudioVersion = 10.0.40219.1
Project("{FAE04EC0-301F-11D3-BF4B-00C04F79EFBC}") = "1. Largest Element in Array", "1. Largest Element in Array\1. Largest Element in Array.csproj", "{3BC9DAC5-4690-49F8-9060-B7E671BE6115}"
EndProject
Project("{FAE04EC0-301F-11D3-BF4B-00C04F79EFBC}") = "2. Count of Negative Elements in Array", "2. Count of Negative Elements in Array\2. Count of Negative Elements in Array.csproj", "{E4680E5F-B3CA-4603-861E-D8F98BA9293F}"
EndProject
Project("{FAE04EC0-301F-11D3-BF4B-00C04F79EFBC}") = "3. Count of Given Element in Array", "3. Count of Given Element in Array\3. Count of Given Element in Array.csproj", "{3DE5EAA7-5037-43CE-9415-EB05693B72A4}"
EndProject
Project("{FAE04EC0-301F-11D3-BF4B-00C04F79EFBC}") = "4. CountOccurrencesOfLargerNumbersInArray", "4. CountOccurrencesOfLargerNumbersInArray\4. CountOccurrencesOfLargerNumbersInArray.csproj", "{FF790D17-7A89-4017-ACB6-8CE23EC1EAA0}"
EndProject
Project("{FAE04EC0-301F-11D3-BF4B-00C04F79EFBC}") = "5. Increasing Sequence of Elements", "5. Increasing Sequence of Elements\5. Increasing Sequence of Elements.csproj", "{DAF4BDB7-B9DF-4996-A9CD-142E1DB829C7}"
EndProject
Project("{FAE04EC0-301F-11D3-BF4B-00C04F79EFBC}") = "6.Equal Sequence Of Elements  In Array", "6.Equal Sequence Of Elements  In Array\6.Equal Sequence Of Elements  In Array.csproj", "{B26A622F-4C2A-4089-BDA7-425280EE9B04}"
EndProject
Project("{FAE04EC0-301F-11D3-BF4B-00C04F79EFBC}") = "7. Count of Capital Letters in Array", "7. Count of Capital Letters in Array\7. Count of Capital Letters in Array.csproj", "{6BE87088-2689-437D-B958-6D158E8A2415}"
EndProject
Project("{FAE04EC0-301F-11D3-BF4B-00C04F79EFBC}") = "8. Array Symmetry", "8. Array Symmetry\8. Array Symmetry.csproj", "{95814733-434A-42B8-9304-EFE0CE5C4671}"
EndProject
Global
	GlobalSection(SolutionConfigurationPlatforms) = preSolution
		Debug|Any CPU = Debug|Any CPU
		Release|Any CPU = Release|Any CPU
	EndGlobalSection
	GlobalSection(ProjectConfigurationPlatforms) = postSolution
		{3BC9DAC5-4690-49F8-9060-B7E671BE6115}.Debug|Any CPU.ActiveCfg = Debug|Any CPU
		{3BC9DAC5-4690-49F8-9060-B7E671BE6115}.Debug|Any CPU.Build.0 = Debug|Any CPU
		{3BC9DAC5-4690-49F8-9060-B7E671BE6115}.Release|Any CPU.ActiveCfg = Release|Any CPU
		{3BC9DAC5-4690-49F8-9060-B7E671BE6115}.Release|Any CPU.Build.0 = Release|Any CPU
		{E4680E5F-B3CA-4603-861E-D8F98BA9293F}.Debug|Any CPU.ActiveCfg = Debug|Any CPU
		{E4680E5F-B3CA-4603-861E-D8F98BA9293F}.Debug|Any CPU.Build.0 = Debug|Any CPU
		{E4680E5F-B3CA-4603-861E-D8F98BA9293F}.Release|Any CPU.ActiveCfg = Release|Any CPU
		{E4680E5F-B3CA-4603-861E-D8F98BA9293F}.Release|Any CPU.Build.0 = Release|Any CPU
		{3DE5EAA7-5037-43CE-9415-EB05693B72A4}.Debug|Any CPU.ActiveCfg = Debug|Any CPU
		{3DE5EAA7-5037-43CE-9415-EB05693B72A4}.Debug|Any CPU.Build.0 = Debug|Any CPU
		{3DE5EAA7-5037-43CE-9415-EB05693B72A4}.Release|Any CPU.ActiveCfg = Release|Any CPU
		{3DE5EAA7-5037-43CE-9415-EB05693B72A4}.Release|Any CPU.Build.0 = Release|Any CPU
		{FF790D17-7A89-4017-ACB6-8CE23EC1EAA0}.Debug|Any CPU.ActiveCfg = Debug|Any CPU
		{FF790D17-7A89-4017-ACB6-8CE23EC1EAA0}.Debug|Any CPU.Build.0 = Debug|Any CPU
		{FF790D17-7A89-4017-ACB6-8CE23EC1EAA0}.Release|Any CPU.ActiveCfg = Release|Any CPU
		{FF790D17-7A89-4017-ACB6-8CE23EC1EAA0}.Release|Any CPU.Build.0 = Release|Any CPU
		{DAF4BDB7-B9DF-4996-A9CD-142E1DB829C7}.Debug|Any CPU.ActiveCfg = Debug|Any CPU
		{DAF4BDB7-B9DF-4996-A9CD-142E1DB829C7}.Debug|Any CPU.Build.0 = Debug|Any CPU
		{DAF4BDB7-B9DF-4996-A9CD-142E1DB829C7}.Release|Any CPU.ActiveCfg = Release|Any CPU
		{DAF4BDB7-B9DF-4996-A9CD-142E1DB829C7}.Release|Any CPU.Build.0 = Release|Any CPU
		{B26A622F-4C2A-4089-BDA7-425280EE9B04}.Debug|Any CPU.ActiveCfg = Debug|Any CPU
		{B26A622F-4C2A-4089-BDA7-425280EE9B04}.Debug|Any CPU.Build.0 = Debug|Any CPU
		{B26A622F-4C2A-4089-BDA7-425280EE9B04}.Release|Any CPU.ActiveCfg = Release|Any CPU
		{B26A622F-4C2A-4089-BDA7-425280EE9B04}.Release|Any CPU.Build.0 = Release|Any CPU
		{6BE87088-2689-437D-B958-6D158E8A2415}.Debug|Any CPU.ActiveCfg = Debug|Any CPU
		{6BE87088-2689-437D-B958-6D158E8A2415}.Debug|Any CPU.Build.0 = Debug|Any CPU
		{6BE87088-2689-437D-B958-6D158E8A2415}.Release|Any CPU.ActiveCfg = Release|Any CPU
		{6BE87088-2689-437D-B958-6D158E8A2415}.Release|Any CPU.Build.0 = Release|Any CPU
		{95814733-434A-42B8-9304-EFE0CE5C4671}.Debug|Any CPU.ActiveCfg = Debug|Any CPU
		{95814733-434A-42B8-9304-EFE0CE5C4671}.Debug|Any CPU.Build.0 = Debug|Any CPU
		{95814733-434A-42B8-9304-EFE0CE5C4671}.Release|Any CPU.ActiveCfg = Release|Any CPU
		{95814733-434A-42B8-9304-EFE0CE5C4671}.Release|Any CPU.Build.0 = Release|Any CPU
	EndGlobalSection
	GlobalSection(SolutionProperties) = preSolution
		HideSolutionNode = FALSE
	EndGlobalSection
EndGlobal
